// !$*UTF8*$!
{
	archiveVersion = 1;
	classes = {
	};
	objectVersion = 48;
	objects = {

/* Begin PBXBuildFile section */
		DC0977C42090D65200EC782C /* AppDelegate.swift in Sources */ = {isa = PBXBuildFile; fileRef = DC0977C32090D65200EC782C /* AppDelegate.swift */; };
		DC0977C62090D65200EC782C /* ViewController.swift in Sources */ = {isa = PBXBuildFile; fileRef = DC0977C52090D65200EC782C /* ViewController.swift */; };
		DC0977C92090D65200EC782C /* Main.storyboard in Resources */ = {isa = PBXBuildFile; fileRef = DC0977C72090D65200EC782C /* Main.storyboard */; };
		DC0977CB2090D65200EC782C /* Assets.xcassets in Resources */ = {isa = PBXBuildFile; fileRef = DC0977CA2090D65200EC782C /* Assets.xcassets */; };
		DC0977CE2090D65200EC782C /* LaunchScreen.storyboard in Resources */ = {isa = PBXBuildFile; fileRef = DC0977CC2090D65200EC782C /* LaunchScreen.storyboard */; };
		DC68F6C0209231AA009894EC /* ProfileHeaderVC.swift in Sources */ = {isa = PBXBuildFile; fileRef = DC68F6BE209231AA009894EC /* ProfileHeaderVC.swift */; };
		DC68F6C1209231AA009894EC /* ProfileHeaderVC.xib in Resources */ = {isa = PBXBuildFile; fileRef = DC68F6BF209231AA009894EC /* ProfileHeaderVC.xib */; };
		DC68F6C32092340A009894EC /* ProfileDetailVC.swift in Sources */ = {isa = PBXBuildFile; fileRef = DC68F6C22092340A009894EC /* ProfileDetailVC.swift */; };
		DC68F6C52092341B009894EC /* EditProfileVC.swift in Sources */ = {isa = PBXBuildFile; fileRef = DC68F6C42092341B009894EC /* EditProfileVC.swift */; };
/* End PBXBuildFile section */

/* Begin PBXFileReference section */
		DC0977C02090D65200EC782C /* ReusableComponent.app */ = {isa = PBXFileReference; explicitFileType = wrapper.application; includeInIndex = 0; path = ReusableComponent.app; sourceTree = BUILT_PRODUCTS_DIR; };
		DC0977C32090D65200EC782C /* AppDelegate.swift */ = {isa = PBXFileReference; lastKnownFileType = sourcecode.swift; path = AppDelegate.swift; sourceTree = "<group>"; };
		DC0977C52090D65200EC782C /* ViewController.swift */ = {isa = PBXFileReference; lastKnownFileType = sourcecode.swift; path = ViewController.swift; sourceTree = "<group>"; };
		DC0977C82090D65200EC782C /* Base */ = {isa = PBXFileReference; lastKnownFileType = file.storyboard; name = Base; path = Base.lproj/Main.storyboard; sourceTree = "<group>"; };
		DC0977CA2090D65200EC782C /* Assets.xcassets */ = {isa = PBXFileReference; lastKnownFileType = folder.assetcatalog; path = Assets.xcassets; sourceTree = "<group>"; };
		DC0977CD2090D65200EC782C /* Base */ = {isa = PBXFileReference; lastKnownFileType = file.storyboard; name = Base; path = Base.lproj/LaunchScreen.storyboard; sourceTree = "<group>"; };
		DC0977CF2090D65200EC782C /* Info.plist */ = {isa = PBXFileReference; lastKnownFileType = text.plist.xml; path = Info.plist; sourceTree = "<group>"; };
		DC68F6BE209231AA009894EC /* ProfileHeaderVC.swift */ = {isa = PBXFileReference; lastKnownFileType = sourcecode.swift; path = ProfileHeaderVC.swift; sourceTree = "<group>"; };
		DC68F6BF209231AA009894EC /* ProfileHeaderVC.xib */ = {isa = PBXFileReference; lastKnownFileType = file.xib; path = ProfileHeaderVC.xib; sourceTree = "<group>"; };
		DC68F6C22092340A009894EC /* ProfileDetailVC.swift */ = {isa = PBXFileReference; lastKnownFileType = sourcecode.swift; path = ProfileDetailVC.swift; sourceTree = "<group>"; };
		DC68F6C42092341B009894EC /* EditProfileVC.swift */ = {isa = PBXFileReference; lastKnownFileType = sourcecode.swift; path = EditProfileVC.swift; sourceTree = "<group>"; };
/* End PBXFileReference section */

/* Begin PBXFrameworksBuildPhase section */
		DC0977BD2090D65200EC782C /* Frameworks */ = {
			isa = PBXFrameworksBuildPhase;
			buildActionMask = 2147483647;
			files = (
			);
			runOnlyForDeploymentPostprocessing = 0;
		};
/* End PBXFrameworksBuildPhase section */

/* Begin PBXGroup section */
		DC0977B72090D65200EC782C = {
			isa = PBXGroup;
			children = (
				DC0977C22090D65200EC782C /* ReusableComponent */,
				DC0977C12090D65200EC782C /* Products */,
			);
			sourceTree = "<group>";
		};
		DC0977C12090D65200EC782C /* Products */ = {
			isa = PBXGroup;
			children = (
				DC0977C02090D65200EC782C /* ReusableComponent.app */,
			);
			name = Products;
			sourceTree = "<group>";
		};
		DC0977C22090D65200EC782C /* ReusableComponent */ = {
			isa = PBXGroup;
			children = (
				DC0977C32090D65200EC782C /* AppDelegate.swift */,
				DC68F6C42092341B009894EC /* EditProfileVC.swift */,
				DC68F6C22092340A009894EC /* ProfileDetailVC.swift */,
				DC0977C52090D65200EC782C /* ViewController.swift */,
				DC68F6BE209231AA009894EC /* ProfileHeaderVC.swift */,
				DC68F6BF209231AA009894EC /* ProfileHeaderVC.xib */,
				DC0977C72090D65200EC782C /* Main.storyboard */,
				DC0977CA2090D65200EC782C /* Assets.xcassets */,
				DC0977CC2090D65200EC782C /* LaunchScreen.storyboard */,
				DC0977CF2090D65200EC782C /* Info.plist */,
			);
			path = ReusableComponent;
			sourceTree = "<group>";
		};
/* End PBXGroup section */

/* Begin PBXNativeTarget section */
		DC0977BF2090D65200EC782C /* ReusableComponent */ = {
			isa = PBXNativeTarget;
			buildConfigurationList = DC0977D22090D65200EC782C /* Build configuration list for PBXNativeTarget "ReusableComponent" */;
			buildPhases = (
				DC0977BC2090D65200EC782C /* Sources */,
				DC0977BD2090D65200EC782C /* Frameworks */,
				DC0977BE2090D65200EC782C /* Resources */,
			);
			buildRules = (
			);
			dependencies = (
			);
			name = ReusableComponent;
			productName = ReusableComponent;
			productReference = DC0977C02090D65200EC782C /* ReusableComponent.app */;
			productType = "com.apple.product-type.application";
		};
/* End PBXNativeTarget section */

/* Begin PBXProject section */
		DC0977B82090D65200EC782C /* Project object */ = {
			isa = PBXProject;
			attributes = {
				LastSwiftUpdateCheck = 0920;
				LastUpgradeCheck = 0920;
				ORGANIZATIONNAME = "Aman Aggarwal";
				TargetAttributes = {
					DC0977BF2090D65200EC782C = {
						CreatedOnToolsVersion = 9.2;
						ProvisioningStyle = Automatic;
					};
				};
			};
			buildConfigurationList = DC0977BB2090D65200EC782C /* Build configuration list for PBXProject "ReusableComponent" */;
			compatibilityVersion = "Xcode 8.0";
			developmentRegion = en;
			hasScannedForEncodings = 0;
			knownRegions = (
				en,
				Base,
			);
			mainGroup = DC0977B72090D65200EC782C;
			productRefGroup = DC0977C12090D65200EC782C /* Products */;
			projectDirPath = "";
			projectRoot = "";
			targets = (
				DC0977BF2090D65200EC782C /* ReusableComponent */,
			);
		};
/* End PBXProject section */

/* Begin PBXResourcesBuildPhase section */
		DC0977BE2090D65200EC782C /* Resources */ = {
			isa = PBXResourcesBuildPhase;
			buildActionMask = 2147483647;
			files = (
				DC0977CE2090D65200EC782C /* LaunchScreen.storyboard in Resources */,
				DC0977CB2090D65200EC782C /* Assets.xcassets in Resources */,
				DC0977C92090D65200EC782C /* Main.storyboard in Resources */,
				DC68F6C1209231AA009894EC /* ProfileHeaderVC.xib in Resources */,
			);
			runOnlyForDeploymentPostprocessing = 0;
		};
/* End PBXResourcesBuildPhase section */

/* Begin PBXSourcesBuildPhase section */
		DC0977BC2090D65200EC782C /* Sources */ = {
			isa = PBXSourcesBuildPhase;
			buildActionMask = 2147483647;
			files = (
				DC68F6C52092341B009894EC /* EditProfileVC.swift in Sources */,
				DC0977C62090D65200EC782C /* ViewController.swift in Sources */,
				DC68F6C32092340A009894EC /* ProfileDetailVC.swift in Sources */,
				DC0977C42090D65200EC782C /* AppDelegate.swift in Sources */,
				DC68F6C0209231AA009894EC /* ProfileHeaderVC.swift in Sources */,
			);
			runOnlyForDeploymentPostprocessing = 0;
		};
/* End PBXSourcesBuildPhase section */

/* Begin PBXVariantGroup section */
		DC0977C72090D65200EC782C /* Main.storyboard */ = {
			isa = PBXVariantGroup;
			children = (
				DC0977C82090D65200EC782C /* Base */,
			);
			name = Main.storyboard;
			sourceTree = "<group>";
		};
		DC0977CC2090D65200EC782C /* LaunchScreen.storyboard */ = {
			isa = PBXVariantGroup;
			children = (
				DC0977CD2090D65200EC782C /* Base */,
			);
			name = LaunchScreen.storyboard;
			sourceTree = "<group>";
		};
/* End PBXVariantGroup section */

/* Begin XCBuildConfiguration section */
		DC0977D02090D65200EC782C /* Debug */ = {
			isa = XCBuildConfiguration;
			buildSettings = {
				ALWAYS_SEARCH_USER_PATHS = NO;
				CLANG_ANALYZER_NONNULL = YES;
				CLANG_ANALYZER_NUMBER_OBJECT_CONVERSION = YES_AGGRESSIVE;
				CLANG_CXX_LANGUAGE_STANDARD = "gnu++14";
				CLANG_CXX_LIBRARY = "libc++";
				CLANG_ENABLE_MODULES = YES;
				CLANG_ENABLE_OBJC_ARC = YES;
				CLANG_WARN_BLOCK_CAPTURE_AUTORELEASING = YES;
				CLANG_WARN_BOOL_CONVERSION = YES;
				CLANG_WARN_COMMA = YES;
				CLANG_WARN_CONSTANT_CONVERSION = YES;
				CLANG_WARN_DIRECT_OBJC_ISA_USAGE = YES_ERROR;
				CLANG_WARN_DOCUMENTATION_COMMENTS = YES;
				CLANG_WARN_EMPTY_BODY = YES;
				CLANG_WARN_ENUM_CONVERSION = YES;
				CLANG_WARN_INFINITE_RECURSION = YES;
				CLANG_WARN_INT_CONVERSION = YES;
				CLANG_WARN_NON_LITERAL_NULL_CONVERSION = YES;
				CLANG_WARN_OBJC_LITERAL_CONVERSION = YES;
				CLANG_WARN_OBJC_ROOT_CLASS = YES_ERROR;
				CLANG_WARN_RANGE_LOOP_ANALYSIS = YES;
				CLANG_WARN_STRICT_PROTOTYPES = YES;
				CLANG_WARN_SUSPICIOUS_MOVE = YES;
				CLANG_WARN_UNGUARDED_AVAILABILITY = YES_AGGRESSIVE;
				CLANG_WARN_UNREACHABLE_CODE = YES;
				CLANG_WARN__DUPLICATE_METHOD_MATCH = YES;
				CODE_SIGN_IDENTITY = "iPhone Developer";
				COPY_PHASE_STRIP = NO;
				DEBUG_INFORMATION_FORMAT = dwarf;
				ENABLE_STRICT_OBJC_MSGSEND = YES;
				ENABLE_TESTABILITY = YES;
				GCC_C_LANGUAGE_STANDARD = gnu11;
				GCC_DYNAMIC_NO_PIC = NO;
				GCC_NO_COMMON_BLOCKS = YES;
				GCC_OPTIMIZATION_LEVEL = 0;
				GCC_PREPROCESSOR_DEFINITIONS = (
					"DEBUG=1",
					"$(inherited)",
				);
				GCC_WARN_64_TO_32_BIT_CONVERSION = YES;
				GCC_WARN_ABOUT_RETURN_TYPE = YES_ERROR;
				GCC_WARN_UNDECLARED_SELECTOR = YES;
				GCC_WARN_UNINITIALIZED_AUTOS = YES_AGGRESSIVE;
				GCC_WARN_UNUSED_FUNCTION = YES;
				GCC_WARN_UNUSED_VARIABLE = YES;
				IPHONEOS_DEPLOYMENT_TARGET = 11.2;
				MTL_ENABLE_DEBUG_INFO = YES;
				ONLY_ACTIVE_ARCH = YES;
				SDKROOT = iphoneos;
				SWIFT_ACTIVE_COMPILATION_CONDITIONS = DEBUG;
				SWIFT_OPTIMIZATION_LEVEL = "-Onone";
			};
			name = Debug;
		};
		DC0977D12090D65200EC782C /* Release */ = {
			isa = XCBuildConfiguration;
			buildSettings = {
				ALWAYS_SEARCH_USER_PATHS = NO;
				CLANG_ANALYZER_NONNULL = YES;
				CLANG_ANALYZER_NUMBER_OBJECT_CONVERSION = YES_AGGRESSIVE;
				CLANG_CXX_LANGUAGE_STANDARD = "gnu++14";
				CLANG_CXX_LIBRARY = "libc++";
				CLANG_ENABLE_MODULES = YES;
				CLANG_ENABLE_OBJC_ARC = YES;
				CLANG_WARN_BLOCK_CAPTURE_AUTORELEASING = YES;
				CLANG_WARN_BOOL_CONVERSION = YES;
				CLANG_WARN_COMMA = YES;
				CLANG_WARN_CONSTANT_CONVERSION = YES;
				CLANG_WARN_DIRECT_OBJC_ISA_USAGE = YES_ERROR;
				CLANG_WARN_DOCUMENTATION_COMMENTS = YES;
				CLANG_WARN_EMPTY_BODY = YES;
				CLANG_WARN_ENUM_CONVERSION = YES;
				CLANG_WARN_INFINITE_RECURSION = YES;
				CLANG_WARN_INT_CONVERSION = YES;
				CLANG_WARN_NON_LITERAL_NULL_CONVERSION = YES;
				CLANG_WARN_OBJC_LITERAL_CONVERSION = YES;
				CLANG_WARN_OBJC_ROOT_CLASS = YES_ERROR;
				CLANG_WARN_RANGE_LOOP_ANALYSIS = YES;
				CLANG_WARN_STRICT_PROTOTYPES = YES;
				CLANG_WARN_SUSPICIOUS_MOVE = YES;
				CLANG_WARN_UNGUARDED_AVAILABILITY = YES_AGGRESSIVE;
				CLANG_WARN_UNREACHABLE_CODE = YES;
				CLANG_WARN__DUPLICATE_METHOD_MATCH = YES;
				CODE_SIGN_IDENTITY = "iPhone Developer";
				COPY_PHASE_STRIP = NO;
				DEBUG_INFORMATION_FORMAT = "dwarf-with-dsym";
				ENABLE_NS_ASSERTIONS = NO;
				ENABLE_STRICT_OBJC_MSGSEND = YES;
				GCC_C_LANGUAGE_STANDARD = gnu11;
				GCC_NO_COMMON_BLOCKS = YES;
				GCC_WARN_64_TO_32_BIT_CONVERSION = YES;
				GCC_WARN_ABOUT_RETURN_TYPE = YES_ERROR;
				GCC_WARN_UNDECLARED_SELECTOR = YES;
				GCC_WARN_UNINITIALIZED_AUTOS = YES_AGGRESSIVE;
				GCC_WARN_UNUSED_FUNCTION = YES;
				GCC_WARN_UNUSED_VARIABLE = YES;
				IPHONEOS_DEPLOYMENT_TARGET = 11.2;
				MTL_ENABLE_DEBUG_INFO = NO;
				SDKROOT = iphoneos;
				SWIFT_OPTIMIZATION_LEVEL = "-Owholemodule";
				VALIDATE_PRODUCT = YES;
			};
			name = Release;
		};
		DC0977D32090D65200EC782C /* Debug */ = {
			isa = XCBuildConfiguration;
			buildSettings = {
				ASSETCATALOG_COMPILER_APPICON_NAME = AppIcon;
				CODE_SIGN_STYLE = Automatic;
				INFOPLIST_FILE = ReusableComponent/Info.plist;
				LD_RUNPATH_SEARCH_PATHS = "$(inherited) @executable_path/Frameworks";
				PRODUCT_BUNDLE_IDENTIFIER = com.iostutorialjunction.ReusableComponent;
				PRODUCT_NAME = "$(TARGET_NAME)";
				SWIFT_VERSION = 4.0;
				TARGETED_DEVICE_FAMILY = "1,2";
			};
			name = Debug;
		};
		DC0977D42090D65200EC782C /* Release */ = {
			isa = XCBuildConfiguration;
			buildSettings = {
				ASSETCATALOG_COMPILER_APPICON_NAME = AppIcon;
				CODE_SIGN_STYLE = Automatic;
				INFOPLIST_FILE = ReusableComponent/Info.plist;
				LD_RUNPATH_SEARCH_PATHS = "$(inherited) @executable_path/Frameworks";
				PRODUCT_BUNDLE_IDENTIFIER = com.iostutorialjunction.ReusableComponent;
				PRODUCT_NAME = "$(TARGET_NAME)";
				SWIFT_VERSION = 4.0;
				TARGETED_DEVICE_FAMILY = "1,2";
			};
			name = Release;
		};
/* End XCBuildConfiguration section */

/* Begin XCConfigurationList section */
		DC0977BB2090D65200EC782C /* Build configuration list for PBXProject "ReusableComponent" */ = {
			isa = XCConfigurationList;
			buildConfigurations = (
				DC0977D02090D65200EC782C /* Debug */,
				DC0977D12090D65200EC782C /* Release */,
			);
			defaultConfigurationIsVisible = 0;
			defaultConfigurationName = Release;
		};
		DC0977D22090D65200EC782C /* Build configuration list for PBXNativeTarget "ReusableComponent" */ = {
			isa = XCConfigurationList;
			buildConfigurations = (
				DC0977D32090D65200EC782C /* Debug */,
				DC0977D42090D65200EC782C /* Release */,
			);
			defaultConfigurationIsVisible = 0;
			defaultConfigurationName = Release;
		};
/* End XCConfigurationList section */
	};
	rootObject = DC0977B82090D65200EC782C /* Project object */;
}
